{
  "name": "scm1.0",
  "version": "1.0.0",
  "lockfileVersion": 3,
  "requires": true,
  "packages": {
    "": {
      "name": "scm1.0",
      "version": "1.0.0",
      "license": "ISC",
      "dependencies": {
        "scm1.0": "file:"
      }
    },
    "node_modules/scm1.0": {
      "version": "1.0.0",
      "resolved": "file:",
      "license": "ISC",
      "dependencies": {
        "scm1.0": "file:"
      }
    }
  }
}
